name: Refresh npm lockfile

on:
  push:
    branches:
      - fix/2026-audit

permissions:
  contents: write

jobs:
  lockfile:
    if: github.actor != 'github-actions[bot]'
    runs-on: ubuntu-24.04
    timeout-minutes: 10
    steps:
      - uses: actions/checkout@v7.0.1
      - uses: actions/setup-node@v7.0.0
        with:
          node-version: '24'
      - run: npm install --package-lock-only
      - run: |
          git config user.name 'github-actions[bot]'
          git config user.email '41898282+github-actions[bot]@users.noreply.github.com'
          git add package-lock.json
          git commit -m 'build: refresh npm lockfile' || exit 0
          git push
