name: Refresh dependency lock

on:
  push:
    branches:
      - fix/2026-audit

permissions:
  contents: write

jobs:
  refresh:
    runs-on: ubuntu-24.04
    timeout-minutes: 10
    steps:
      - name: Check out repository
        uses: actions/checkout@v7.0.1
        with:
          ref: fix/2026-audit

      - name: Set up Bun
        uses: oven-sh/setup-bun@v2.2.0
        with:
          bun-version: 1.4.0

      - name: Refresh lockfile
        run: bun install

      - name: Commit generated lockfile
        run: |
          if git diff --quiet -- bun.lock; then
            exit 0
          fi
          git config user.name "github-actions[bot]"
          git config user.email "41898282+github-actions[bot]@users.noreply.github.com"
          git add bun.lock
          git commit -m "build: refresh Bun lockfile"
          git push origin HEAD:fix/2026-audit
